// !$*UTF8*$!
{
	archiveVersion = 1;
	classes = {
	};
	objectVersion = 46;
	objects = {

/* Begin PBXBuildFile section */
		1EC2BB651C99D1AE00E0EFAB /* SQLite.swift in Sources */ = {isa = PBXBuildFile; fileRef = 1EC2BB631C99D1AE00E0EFAB /* SQLite.swift */; };
		1EC2BB661C99D1AE00E0EFAB /* SQLiteDriver.swift in Sources */ = {isa = PBXBuildFile; fileRef = 1EC2BB641C99D1AE00E0EFAB /* SQLiteDriver.swift */; };
		1EC2BB681C99D1C400E0EFAB /* User.swift in Sources */ = {isa = PBXBuildFile; fileRef = 1EC2BB671C99D1C400E0EFAB /* User.swift */; };
		1EC2BB6A1C99D1E200E0EFAB /* main.swift in Sources */ = {isa = PBXBuildFile; fileRef = 1EC2BB691C99D1E200E0EFAB /* main.swift */; };
		1EC2BB6F1C99D68E00E0EFAB /* libFluent.dylib in Frameworks */ = {isa = PBXBuildFile; fileRef = 1EC2BB6E1C99D68E00E0EFAB /* libFluent.dylib */; };
/* End PBXBuildFile section */

/* Begin PBXCopyFilesBuildPhase section */
		1EC2BB541C99CF8C00E0EFAB /* CopyFiles */ = {
			isa = PBXCopyFilesBuildPhase;
			buildActionMask = 2147483647;
			dstPath = /usr/share/man/man1/;
			dstSubfolderSpec = 0;
			files = (
			);
			runOnlyForDeploymentPostprocessing = 1;
		};
/* End PBXCopyFilesBuildPhase section */

/* Begin PBXFileReference section */
		1EC2BB561C99CF8C00E0EFAB /* fluent-sqlite */ = {isa = PBXFileReference; explicitFileType = "compiled.mach-o.executable"; includeInIndex = 0; path = "fluent-sqlite"; sourceTree = BUILT_PRODUCTS_DIR; };
		1EC2BB631C99D1AE00E0EFAB /* SQLite.swift */ = {isa = PBXFileReference; fileEncoding = 4; lastKnownFileType = sourcecode.swift; name = SQLite.swift; path = Sources/SQLite.swift; sourceTree = "<group>"; };
		1EC2BB641C99D1AE00E0EFAB /* SQLiteDriver.swift */ = {isa = PBXFileReference; fileEncoding = 4; lastKnownFileType = sourcecode.swift; name = SQLiteDriver.swift; path = Sources/SQLiteDriver.swift; sourceTree = "<group>"; };
		1EC2BB671C99D1C400E0EFAB /* User.swift */ = {isa = PBXFileReference; fileEncoding = 4; lastKnownFileType = sourcecode.swift; name = User.swift; path = Sources/User.swift; sourceTree = "<group>"; };
		1EC2BB691C99D1E200E0EFAB /* main.swift */ = {isa = PBXFileReference; fileEncoding = 4; lastKnownFileType = sourcecode.swift; name = main.swift; path = Sources/main.swift; sourceTree = "<group>"; };
		1EC2BB6B1C99D39100E0EFAB /* Package.swift */ = {isa = PBXFileReference; fileEncoding = 4; lastKnownFileType = sourcecode.swift; path = Package.swift; sourceTree = "<group>"; };
		1EC2BB6E1C99D68E00E0EFAB /* libFluent.dylib */ = {isa = PBXFileReference; lastKnownFileType = "compiled.mach-o.dylib"; name = libFluent.dylib; path = .build/debug/libFluent.dylib; sourceTree = "<group>"; };
/* End PBXFileReference section */

/* Begin PBXFrameworksBuildPhase section */
		1EC2BB531C99CF8C00E0EFAB /* Frameworks */ = {
			isa = PBXFrameworksBuildPhase;
			buildActionMask = 2147483647;
			files = (
				1EC2BB6F1C99D68E00E0EFAB /* libFluent.dylib in Frameworks */,
			);
			runOnlyForDeploymentPostprocessing = 0;
		};
/* End PBXFrameworksBuildPhase section */

/* Begin PBXGroup section */
		1EC2BB4D1C99CF8C00E0EFAB = {
			isa = PBXGroup;
			children = (
				1EC2BB6B1C99D39100E0EFAB /* Package.swift */,
				1EC2BB601C99D18400E0EFAB /* Sources */,
				1EC2BE8D1C9A078E00E0EFAB /* Dependencies */,
				1EC2BB571C99CF8C00E0EFAB /* Products */,
			);
			sourceTree = "<group>";
		};
		1EC2BB571C99CF8C00E0EFAB /* Products */ = {
			isa = PBXGroup;
			children = (
				1EC2BB561C99CF8C00E0EFAB /* fluent-sqlite */,
			);
			name = Products;
			sourceTree = "<group>";
		};
		1EC2BB601C99D18400E0EFAB /* Sources */ = {
			isa = PBXGroup;
			children = (
				1EC2BB611C99D19C00E0EFAB /* SQLite */,
				1EC2BB621C99D1A200E0EFAB /* Models */,
				1EC2BB691C99D1E200E0EFAB /* main.swift */,
			);
			name = Sources;
			sourceTree = "<group>";
		};
		1EC2BB611C99D19C00E0EFAB /* SQLite */ = {
			isa = PBXGroup;
			children = (
				1EC2BB631C99D1AE00E0EFAB /* SQLite.swift */,
				1EC2BB641C99D1AE00E0EFAB /* SQLiteDriver.swift */,
			);
			name = SQLite;
			sourceTree = "<group>";
		};
		1EC2BB621C99D1A200E0EFAB /* Models */ = {
			isa = PBXGroup;
			children = (
				1EC2BB671C99D1C400E0EFAB /* User.swift */,
			);
			name = Models;
			sourceTree = "<group>";
		};
		1EC2BE8D1C9A078E00E0EFAB /* Dependencies */ = {
			isa = PBXGroup;
			children = (
				1EC2BB6E1C99D68E00E0EFAB /* libFluent.dylib */,
			);
			name = Dependencies;
			sourceTree = "<group>";
		};
/* End PBXGroup section */

/* Begin PBXNativeTarget section */
		1EC2BB551C99CF8C00E0EFAB /* fluent-sqlite */ = {
			isa = PBXNativeTarget;
			buildConfigurationList = 1EC2BB5D1C99CF8C00E0EFAB /* Build configuration list for PBXNativeTarget "fluent-sqlite" */;
			buildPhases = (
				1EC2BB6D1C99D57100E0EFAB /* Swift Build Dependencies */,
				1EC2BB521C99CF8C00E0EFAB /* Sources */,
				1EC2BB531C99CF8C00E0EFAB /* Frameworks */,
				1EC2BB541C99CF8C00E0EFAB /* CopyFiles */,
			);
			buildRules = (
			);
			dependencies = (
			);
			name = "fluent-sqlite";
			productName = "fluent-sqlite";
			productReference = 1EC2BB561C99CF8C00E0EFAB /* fluent-sqlite */;
			productType = "com.apple.product-type.tool";
		};
/* End PBXNativeTarget section */

/* Begin PBXProject section */
		1EC2BB4E1C99CF8C00E0EFAB /* Project object */ = {
			isa = PBXProject;
			attributes = {
				LastSwiftUpdateCheck = 0730;
				LastUpgradeCheck = 0730;
				ORGANIZATIONNAME = Qutheory;
				TargetAttributes = {
					1EC2BB551C99CF8C00E0EFAB = {
						CreatedOnToolsVersion = 7.3;
					};
				};
			};
			buildConfigurationList = 1EC2BB511C99CF8C00E0EFAB /* Build configuration list for PBXProject "fluent-sqlite" */;
			compatibilityVersion = "Xcode 3.2";
			developmentRegion = English;
			hasScannedForEncodings = 0;
			knownRegions = (
				en,
			);
			mainGroup = 1EC2BB4D1C99CF8C00E0EFAB;
			productRefGroup = 1EC2BB571C99CF8C00E0EFAB /* Products */;
			projectDirPath = "";
			projectRoot = "";
			targets = (
				1EC2BB551C99CF8C00E0EFAB /* fluent-sqlite */,
			);
		};
/* End PBXProject section */

/* Begin PBXShellScriptBuildPhase section */
		1EC2BB6D1C99D57100E0EFAB /* Swift Build Dependencies */ = {
			isa = PBXShellScriptBuildPhase;
			buildActionMask = 2147483647;
			files = (
			);
			inputPaths = (
			);
			name = "Swift Build Dependencies";
			outputPaths = (
			);
			runOnlyForDeploymentPostprocessing = 0;
			shellPath = /bin/sh;
			shellScript = "/Library/Developer/Toolchains/swift-latest.xctoolchain/usr/bin/swift build --chdir \"$SRCROOT\"";
		};
/* End PBXShellScriptBuildPhase section */

/* Begin PBXSourcesBuildPhase section */
		1EC2BB521C99CF8C00E0EFAB /* Sources */ = {
			isa = PBXSourcesBuildPhase;
			buildActionMask = 2147483647;
			files = (
				1EC2BB651C99D1AE00E0EFAB /* SQLite.swift in Sources */,
				1EC2BB661C99D1AE00E0EFAB /* SQLiteDriver.swift in Sources */,
				1EC2BB6A1C99D1E200E0EFAB /* main.swift in Sources */,
				1EC2BB681C99D1C400E0EFAB /* User.swift in Sources */,
			);
			runOnlyForDeploymentPostprocessing = 0;
		};
/* End PBXSourcesBuildPhase section */

/* Begin XCBuildConfiguration section */
		1EC2BB5B1C99CF8C00E0EFAB /* Debug */ = {
			isa = XCBuildConfiguration;
			buildSettings = {
				ALWAYS_SEARCH_USER_PATHS = NO;
				CLANG_ANALYZER_NONNULL = YES;
				CLANG_CXX_LANGUAGE_STANDARD = "gnu++0x";
				CLANG_CXX_LIBRARY = "libc++";
				CLANG_ENABLE_MODULES = YES;
				CLANG_ENABLE_OBJC_ARC = YES;
				CLANG_WARN_BOOL_CONVERSION = YES;
				CLANG_WARN_CONSTANT_CONVERSION = YES;
				CLANG_WARN_DIRECT_OBJC_ISA_USAGE = YES_ERROR;
				CLANG_WARN_EMPTY_BODY = YES;
				CLANG_WARN_ENUM_CONVERSION = YES;
				CLANG_WARN_INT_CONVERSION = YES;
				CLANG_WARN_OBJC_ROOT_CLASS = YES_ERROR;
				CLANG_WARN_UNREACHABLE_CODE = YES;
				CLANG_WARN__DUPLICATE_METHOD_MATCH = YES;
				CODE_SIGN_IDENTITY = "-";
				COPY_PHASE_STRIP = NO;
				DEBUG_INFORMATION_FORMAT = dwarf;
				ENABLE_STRICT_OBJC_MSGSEND = YES;
				ENABLE_TESTABILITY = YES;
				GCC_C_LANGUAGE_STANDARD = gnu99;
				GCC_DYNAMIC_NO_PIC = NO;
				GCC_NO_COMMON_BLOCKS = YES;
				GCC_OPTIMIZATION_LEVEL = 0;
				GCC_PREPROCESSOR_DEFINITIONS = (
					"DEBUG=1",
					"$(inherited)",
				);
				GCC_WARN_64_TO_32_BIT_CONVERSION = YES;
				GCC_WARN_ABOUT_RETURN_TYPE = YES_ERROR;
				GCC_WARN_UNDECLARED_SELECTOR = YES;
				GCC_WARN_UNINITIALIZED_AUTOS = YES_AGGRESSIVE;
				GCC_WARN_UNUSED_FUNCTION = YES;
				GCC_WARN_UNUSED_VARIABLE = YES;
				MACOSX_DEPLOYMENT_TARGET = 10.11;
				MTL_ENABLE_DEBUG_INFO = YES;
				ONLY_ACTIVE_ARCH = YES;
				SDKROOT = macosx;
				SWIFT_INCLUDE_PATHS = "$(PROJECT_DIR)/.build/debug $(PROJECT_DIR)/Packages/CSQLite-0.1.0";
				SWIFT_OPTIMIZATION_LEVEL = "-Onone";
			};
			name = Debug;
		};
		1EC2BB5C1C99CF8C00E0EFAB /* Release */ = {
			isa = XCBuildConfiguration;
			buildSettings = {
				ALWAYS_SEARCH_USER_PATHS = NO;
				CLANG_ANALYZER_NONNULL = YES;
				CLANG_CXX_LANGUAGE_STANDARD = "gnu++0x";
				CLANG_CXX_LIBRARY = "libc++";
				CLANG_ENABLE_MODULES = YES;
				CLANG_ENABLE_OBJC_ARC = YES;
				CLANG_WARN_BOOL_CONVERSION = YES;
				CLANG_WARN_CONSTANT_CONVERSION = YES;
				CLANG_WARN_DIRECT_OBJC_ISA_USAGE = YES_ERROR;
				CLANG_WARN_EMPTY_BODY = YES;
				CLANG_WARN_ENUM_CONVERSION = YES;
				CLANG_WARN_INT_CONVERSION = YES;
				CLANG_WARN_OBJC_ROOT_CLASS = YES_ERROR;
				CLANG_WARN_UNREACHABLE_CODE = YES;
				CLANG_WARN__DUPLICATE_METHOD_MATCH = YES;
				CODE_SIGN_IDENTITY = "-";
				COPY_PHASE_STRIP = NO;
				DEBUG_INFORMATION_FORMAT = "dwarf-with-dsym";
				ENABLE_NS_ASSERTIONS = NO;
				ENABLE_STRICT_OBJC_MSGSEND = YES;
				GCC_C_LANGUAGE_STANDARD = gnu99;
				GCC_NO_COMMON_BLOCKS = YES;
				GCC_WARN_64_TO_32_BIT_CONVERSION = YES;
				GCC_WARN_ABOUT_RETURN_TYPE = YES_ERROR;
				GCC_WARN_UNDECLARED_SELECTOR = YES;
				GCC_WARN_UNINITIALIZED_AUTOS = YES_AGGRESSIVE;
				GCC_WARN_UNUSED_FUNCTION = YES;
				GCC_WARN_UNUSED_VARIABLE = YES;
				MACOSX_DEPLOYMENT_TARGET = 10.11;
				MTL_ENABLE_DEBUG_INFO = NO;
				SDKROOT = macosx;
				SWIFT_INCLUDE_PATHS = "$(PROJECT_DIR)/.build/debug $(PROJECT_DIR)/Packages/CSQLite-0.1.0";
			};
			name = Release;
		};
		1EC2BB5E1C99CF8C00E0EFAB /* Debug */ = {
			isa = XCBuildConfiguration;
			buildSettings = {
				CLANG_ENABLE_MODULES = YES;
				LD_RUNPATH_SEARCH_PATHS = "$(inherited) @executable_path/../Frameworks @loader_path/../Frameworks";
				LIBRARY_SEARCH_PATHS = (
					"$(inherited)",
					"$(PROJECT_DIR)/.build/debug",
				);
				PRODUCT_NAME = "$(TARGET_NAME)";
				SWIFT_INCLUDE_PATHS = "$(PROJECT_DIR)/.build/debug $(PROJECT_DIR)/Packages/CSQLite-0.1.0";
				SWIFT_OPTIMIZATION_LEVEL = "-Onone";
			};
			name = Debug;
		};
		1EC2BB5F1C99CF8C00E0EFAB /* Release */ = {
			isa = XCBuildConfiguration;
			buildSettings = {
				CLANG_ENABLE_MODULES = YES;
				LD_RUNPATH_SEARCH_PATHS = "$(inherited) @executable_path/../Frameworks @loader_path/../Frameworks";
				LIBRARY_SEARCH_PATHS = (
					"$(inherited)",
					"$(PROJECT_DIR)/.build/debug",
				);
				PRODUCT_NAME = "$(TARGET_NAME)";
				SWIFT_INCLUDE_PATHS = "$(PROJECT_DIR)/.build/debug $(PROJECT_DIR)/Packages/CSQLite-0.1.0";
			};
			name = Release;
		};
/* End XCBuildConfiguration section */

/* Begin XCConfigurationList section */
		1EC2BB511C99CF8C00E0EFAB /* Build configuration list for PBXProject "fluent-sqlite" */ = {
			isa = XCConfigurationList;
			buildConfigurations = (
				1EC2BB5B1C99CF8C00E0EFAB /* Debug */,
				1EC2BB5C1C99CF8C00E0EFAB /* Release */,
			);
			defaultConfigurationIsVisible = 0;
			defaultConfigurationName = Release;
		};
		1EC2BB5D1C99CF8C00E0EFAB /* Build configuration list for PBXNativeTarget "fluent-sqlite" */ = {
			isa = XCConfigurationList;
			buildConfigurations = (
				1EC2BB5E1C99CF8C00E0EFAB /* Debug */,
				1EC2BB5F1C99CF8C00E0EFAB /* Release */,
			);
			defaultConfigurationIsVisible = 0;
			defaultConfigurationName = Release;
		};
/* End XCConfigurationList section */
	};
	rootObject = 1EC2BB4E1C99CF8C00E0EFAB /* Project object */;
}
